
Microsoft Visual Studio Solution File, Format Version 12.00
# Visual Studio Version 17
VisualStudioVersion = 17.3.32825.248
MinimumVisualStudioVersion = 10.0.40219.1
Project("{FAE04EC0-301F-11D3-BF4B-00C04F79EFBC}") = "IndividualAssignment6", "IndividualAssignment6.csproj", "{AD4EBCB0-B39E-44B3-BF74-FE2D5E8DE28A}"
EndProject
Global
	GlobalSection(SolutionConfigurationPlatforms) = preSolution
		Debug|Any CPU = Debug|Any CPU
		Release|Any CPU = Release|Any CPU
	EndGlobalSection
	GlobalSection(ProjectConfigurationPlatforms) = postSolution
		{AD4EBCB0-B39E-44B3-BF74-FE2D5E8DE28A}.Debug|Any CPU.ActiveCfg = Debug|Any CPU
		{AD4EBCB0-B39E-44B3-BF74-FE2D5E8DE28A}.Debug|Any CPU.Build.0 = Debug|Any CPU
		{AD4EBCB0-B39E-44B3-BF74-FE2D5E8DE28A}.Release|Any CPU.ActiveCfg = Release|Any CPU
		{AD4EBCB0-B39E-44B3-BF74-FE2D5E8DE28A}.Release|Any CPU.Build.0 = Release|Any CPU
	EndGlobalSection
	GlobalSection(SolutionProperties) = preSolution
		HideSolutionNode = FALSE
	EndGlobalSection
	GlobalSection(ExtensibilityGlobals) = postSolution
		SolutionGuid = {1B4F7A53-39BD-41F6-A823-B39728673CEB}
	EndGlobalSection
EndGlobal
